
Microsoft Visual Studio Solution File, Format Version 12.00
# Visual Studio Version 16
VisualStudioVersion = 16.0.31205.134
MinimumVisualStudioVersion = 10.0.40219.1
Project("{FAE04EC0-301F-11D3-BF4B-00C04F79EFBC}") = "Ejercicio Canguro", "Ejercicio Canguro\Ejercicio Canguro.csproj", "{C8295632-F2FF-4A6C-A992-5C7FD193CC9F}"
EndProject
Global
	GlobalSection(SolutionConfigurationPlatforms) = preSolution
		Debug|Any CPU = Debug|Any CPU
		Release|Any CPU = Release|Any CPU
	EndGlobalSection
	GlobalSection(ProjectConfigurationPlatforms) = postSolution
		{C8295632-F2FF-4A6C-A992-5C7FD193CC9F}.Debug|Any CPU.ActiveCfg = Debug|Any CPU
		{C8295632-F2FF-4A6C-A992-5C7FD193CC9F}.Debug|Any CPU.Build.0 = Debug|Any CPU
		{C8295632-F2FF-4A6C-A992-5C7FD193CC9F}.Release|Any CPU.ActiveCfg = Release|Any CPU
		{C8295632-F2FF-4A6C-A992-5C7FD193CC9F}.Release|Any CPU.Build.0 = Release|Any CPU
	EndGlobalSection
	GlobalSection(SolutionProperties) = preSolution
		HideSolutionNode = FALSE
	EndGlobalSection
	GlobalSection(ExtensibilityGlobals) = postSolution
		SolutionGuid = {8E17FABA-5989-43ED-96D8-9CD0E03150BE}
	EndGlobalSection
EndGlobal
